
Microsoft Visual Studio Solution File, Format Version 12.00
# Visual Studio Version 17
VisualStudioVersion = 17.3.32922.545
MinimumVisualStudioVersion = 10.0.40219.1
Project("{2150E333-8FDC-42A3-9474-1A3956D46DE8}") = "Ingredient Service", "Ingredient Service", "{B07EE94A-0594-4B22-9E88-B30031B10A7C}"
EndProject
Project("{2150E333-8FDC-42A3-9474-1A3956D46DE8}") = "Recipe Service", "Recipe Service", "{74A1A6AB-DE2D-4520-9258-D92236157BD1}"
EndProject
Project("{2150E333-8FDC-42A3-9474-1A3956D46DE8}") = "Shopping Service", "Shopping Service", "{F1C376A3-1DBD-4F27-B91D-A63F55E8D31E}"
EndProject
Project("{2150E333-8FDC-42A3-9474-1A3956D46DE8}") = "Common", "Common", "{739B7385-9AA0-4F9A-9E51-F1ACF6140995}"
EndProject
Project("{9A19103F-16F7-4668-BE54-9A1E7A4F7556}") = "PS.IngredientService.Application", "PS.IngredientService.Application\PS.IngredientService.Application.csproj", "{70D769BB-DD57-444A-8CA5-53BFBA84A775}"
EndProject
Project("{9A19103F-16F7-4668-BE54-9A1E7A4F7556}") = "PS.Common.Domain", "PS.Common.Domain\PS.Common.Domain.csproj", "{AD38FF71-66EA-4BDA-8F7C-AAD9D9A27F86}"
EndProject
Project("{9A19103F-16F7-4668-BE54-9A1E7A4F7556}") = "PS.IngredientService.Data", "PS.IngredientService.Data\PS.IngredientService.Data.csproj", "{986B6B5E-2771-47C5-8B39-F7DA24483A5F}"
EndProject
Project("{9A19103F-16F7-4668-BE54-9A1E7A4F7556}") = "PS.RecipeService.Application", "PS.RecipeService.Application\PS.RecipeService.Application.csproj", "{BC45A341-D012-4786-9339-77C4A79809E0}"
EndProject
Project("{9A19103F-16F7-4668-BE54-9A1E7A4F7556}") = "PS.RecipeService.Data", "PS.RecipeService.Data\PS.RecipeService.Data.csproj", "{C829C331-8045-4F44-AA23-E992B65A9DC6}"
EndProject
Project("{9A19103F-16F7-4668-BE54-9A1E7A4F7556}") = "PS.Common.Infrastructure", "PS.Common.Infrastructure\PS.Common.Infrastructure.csproj", "{1DCB1F7C-E59D-4671-97CD-6B1C40B6CA42}"
EndProject
Project("{9A19103F-16F7-4668-BE54-9A1E7A4F7556}") = "PS.ShoppingService.Application", "PS.ShoppingService.Application\PS.ShoppingService.Application.csproj", "{28937ADF-5847-420D-AF65-F151F20BDEDF}"
EndProject
Project("{9A19103F-16F7-4668-BE54-9A1E7A4F7556}") = "PS.ShoppingService.Data", "PS.ShoppingService.Data\PS.ShoppingService.Data.csproj", "{5CA71DB6-5C76-409C-8A10-28781F4F0D20}"
EndProject
Project("{9A19103F-16F7-4668-BE54-9A1E7A4F7556}") = "PS.Common.Queries", "PS.Common.Queries\PS.Common.Queries.csproj", "{FCF371E5-D6A3-4609-9188-07BE7F3CCBCF}"
EndProject
Project("{9A19103F-16F7-4668-BE54-9A1E7A4F7556}") = "PS.Common.Commands", "PS.Common.Commands\PS.Common.Commands.csproj", "{46350253-FFE7-43B0-841B-D77F8EC64961}"
EndProject
Project("{2150E333-8FDC-42A3-9474-1A3956D46DE8}") = "Requests", "Requests", "{B73946F6-4DA8-4BD7-9363-8D292CA30F22}"
EndProject
Project("{2150E333-8FDC-42A3-9474-1A3956D46DE8}") = "Build", "Build", "{ACDFFCD7-212C-41B6-80CF-E82F2FDA0A0F}"
EndProject
Project("{FAE04EC0-301F-11D3-BF4B-00C04F79EFBC}") = "PS.RecipeService.Functions", "PS.RecipeService.Functions\PS.RecipeService.Functions.csproj", "{89E74669-1B06-49FF-A00A-6EFBD006F185}"
EndProject
Project("{FAE04EC0-301F-11D3-BF4B-00C04F79EFBC}") = "PS.IngredientService.Functions", "PS.IngredientService.Functions\PS.IngredientService.Functions.csproj", "{17EEA3B0-5B5F-4DE2-8983-38B6B92D269E}"
EndProject
Global
	GlobalSection(SolutionConfigurationPlatforms) = preSolution
		Debug|Any CPU = Debug|Any CPU
		Release|Any CPU = Release|Any CPU
	EndGlobalSection
	GlobalSection(ProjectConfigurationPlatforms) = postSolution
		{70D769BB-DD57-444A-8CA5-53BFBA84A775}.Debug|Any CPU.ActiveCfg = Debug|Any CPU
		{70D769BB-DD57-444A-8CA5-53BFBA84A775}.Debug|Any CPU.Build.0 = Debug|Any CPU
		{70D769BB-DD57-444A-8CA5-53BFBA84A775}.Release|Any CPU.ActiveCfg = Release|Any CPU
		{70D769BB-DD57-444A-8CA5-53BFBA84A775}.Release|Any CPU.Build.0 = Release|Any CPU
		{AD38FF71-66EA-4BDA-8F7C-AAD9D9A27F86}.Debug|Any CPU.ActiveCfg = Debug|Any CPU
		{AD38FF71-66EA-4BDA-8F7C-AAD9D9A27F86}.Debug|Any CPU.Build.0 = Debug|Any CPU
		{AD38FF71-66EA-4BDA-8F7C-AAD9D9A27F86}.Release|Any CPU.ActiveCfg = Release|Any CPU
		{AD38FF71-66EA-4BDA-8F7C-AAD9D9A27F86}.Release|Any CPU.Build.0 = Release|Any CPU
		{986B6B5E-2771-47C5-8B39-F7DA24483A5F}.Debug|Any CPU.ActiveCfg = Debug|Any CPU
		{986B6B5E-2771-47C5-8B39-F7DA24483A5F}.Debug|Any CPU.Build.0 = Debug|Any CPU
		{986B6B5E-2771-47C5-8B39-F7DA24483A5F}.Release|Any CPU.ActiveCfg = Release|Any CPU
		{986B6B5E-2771-47C5-8B39-F7DA24483A5F}.Release|Any CPU.Build.0 = Release|Any CPU
		{BC45A341-D012-4786-9339-77C4A79809E0}.Debug|Any CPU.ActiveCfg = Debug|Any CPU
		{BC45A341-D012-4786-9339-77C4A79809E0}.Debug|Any CPU.Build.0 = Debug|Any CPU
		{BC45A341-D012-4786-9339-77C4A79809E0}.Release|Any CPU.ActiveCfg = Release|Any CPU
		{BC45A341-D012-4786-9339-77C4A79809E0}.Release|Any CPU.Build.0 = Release|Any CPU
		{C829C331-8045-4F44-AA23-E992B65A9DC6}.Debug|Any CPU.ActiveCfg = Debug|Any CPU
		{C829C331-8045-4F44-AA23-E992B65A9DC6}.Debug|Any CPU.Build.0 = Debug|Any CPU
		{C829C331-8045-4F44-AA23-E992B65A9DC6}.Release|Any CPU.ActiveCfg = Release|Any CPU
		{C829C331-8045-4F44-AA23-E992B65A9DC6}.Release|Any CPU.Build.0 = Release|Any CPU
		{1DCB1F7C-E59D-4671-97CD-6B1C40B6CA42}.Debug|Any CPU.ActiveCfg = Debug|Any CPU
		{1DCB1F7C-E59D-4671-97CD-6B1C40B6CA42}.Debug|Any CPU.Build.0 = Debug|Any CPU
		{1DCB1F7C-E59D-4671-97CD-6B1C40B6CA42}.Release|Any CPU.ActiveCfg = Release|Any CPU
		{1DCB1F7C-E59D-4671-97CD-6B1C40B6CA42}.Release|Any CPU.Build.0 = Release|Any CPU
		{28937ADF-5847-420D-AF65-F151F20BDEDF}.Debug|Any CPU.ActiveCfg = Debug|Any CPU
		{28937ADF-5847-420D-AF65-F151F20BDEDF}.Debug|Any CPU.Build.0 = Debug|Any CPU
		{28937ADF-5847-420D-AF65-F151F20BDEDF}.Release|Any CPU.ActiveCfg = Release|Any CPU
		{28937ADF-5847-420D-AF65-F151F20BDEDF}.Release|Any CPU.Build.0 = Release|Any CPU
		{5CA71DB6-5C76-409C-8A10-28781F4F0D20}.Debug|Any CPU.ActiveCfg = Debug|Any CPU
		{5CA71DB6-5C76-409C-8A10-28781F4F0D20}.Debug|Any CPU.Build.0 = Debug|Any CPU
		{5CA71DB6-5C76-409C-8A10-28781F4F0D20}.Release|Any CPU.ActiveCfg = Release|Any CPU
		{5CA71DB6-5C76-409C-8A10-28781F4F0D20}.Release|Any CPU.Build.0 = Release|Any CPU
		{FCF371E5-D6A3-4609-9188-07BE7F3CCBCF}.Debug|Any CPU.ActiveCfg = Debug|Any CPU
		{FCF371E5-D6A3-4609-9188-07BE7F3CCBCF}.Debug|Any CPU.Build.0 = Debug|Any CPU
		{FCF371E5-D6A3-4609-9188-07BE7F3CCBCF}.Release|Any CPU.ActiveCfg = Release|Any CPU
		{FCF371E5-D6A3-4609-9188-07BE7F3CCBCF}.Release|Any CPU.Build.0 = Release|Any CPU
		{46350253-FFE7-43B0-841B-D77F8EC64961}.Debug|Any CPU.ActiveCfg = Debug|Any CPU
		{46350253-FFE7-43B0-841B-D77F8EC64961}.Debug|Any CPU.Build.0 = Debug|Any CPU
		{46350253-FFE7-43B0-841B-D77F8EC64961}.Release|Any CPU.ActiveCfg = Release|Any CPU
		{46350253-FFE7-43B0-841B-D77F8EC64961}.Release|Any CPU.Build.0 = Release|Any CPU
		{89E74669-1B06-49FF-A00A-6EFBD006F185}.Debug|Any CPU.ActiveCfg = Debug|Any CPU
		{89E74669-1B06-49FF-A00A-6EFBD006F185}.Debug|Any CPU.Build.0 = Debug|Any CPU
		{89E74669-1B06-49FF-A00A-6EFBD006F185}.Release|Any CPU.ActiveCfg = Release|Any CPU
		{89E74669-1B06-49FF-A00A-6EFBD006F185}.Release|Any CPU.Build.0 = Release|Any CPU
		{17EEA3B0-5B5F-4DE2-8983-38B6B92D269E}.Debug|Any CPU.ActiveCfg = Debug|Any CPU
		{17EEA3B0-5B5F-4DE2-8983-38B6B92D269E}.Debug|Any CPU.Build.0 = Debug|Any CPU
		{17EEA3B0-5B5F-4DE2-8983-38B6B92D269E}.Release|Any CPU.ActiveCfg = Release|Any CPU
		{17EEA3B0-5B5F-4DE2-8983-38B6B92D269E}.Release|Any CPU.Build.0 = Release|Any CPU
	EndGlobalSection
	GlobalSection(SolutionProperties) = preSolution
		HideSolutionNode = FALSE
	EndGlobalSection
	GlobalSection(NestedProjects) = preSolution
		{70D769BB-DD57-444A-8CA5-53BFBA84A775} = {B07EE94A-0594-4B22-9E88-B30031B10A7C}
		{AD38FF71-66EA-4BDA-8F7C-AAD9D9A27F86} = {739B7385-9AA0-4F9A-9E51-F1ACF6140995}
		{986B6B5E-2771-47C5-8B39-F7DA24483A5F} = {B07EE94A-0594-4B22-9E88-B30031B10A7C}
		{BC45A341-D012-4786-9339-77C4A79809E0} = {74A1A6AB-DE2D-4520-9258-D92236157BD1}
		{C829C331-8045-4F44-AA23-E992B65A9DC6} = {74A1A6AB-DE2D-4520-9258-D92236157BD1}
		{1DCB1F7C-E59D-4671-97CD-6B1C40B6CA42} = {739B7385-9AA0-4F9A-9E51-F1ACF6140995}
		{28937ADF-5847-420D-AF65-F151F20BDEDF} = {F1C376A3-1DBD-4F27-B91D-A63F55E8D31E}
		{5CA71DB6-5C76-409C-8A10-28781F4F0D20} = {F1C376A3-1DBD-4F27-B91D-A63F55E8D31E}
		{FCF371E5-D6A3-4609-9188-07BE7F3CCBCF} = {B73946F6-4DA8-4BD7-9363-8D292CA30F22}
		{46350253-FFE7-43B0-841B-D77F8EC64961} = {B73946F6-4DA8-4BD7-9363-8D292CA30F22}
		{B73946F6-4DA8-4BD7-9363-8D292CA30F22} = {739B7385-9AA0-4F9A-9E51-F1ACF6140995}
		{89E74669-1B06-49FF-A00A-6EFBD006F185} = {74A1A6AB-DE2D-4520-9258-D92236157BD1}
		{17EEA3B0-5B5F-4DE2-8983-38B6B92D269E} = {B07EE94A-0594-4B22-9E88-B30031B10A7C}
	EndGlobalSection
	GlobalSection(ExtensibilityGlobals) = postSolution
		SolutionGuid = {C923443F-6338-4BC6-A7E5-928F8FA9AD59}
	EndGlobalSection
EndGlobal
